
Microsoft Visual Studio Solution File, Format Version 12.00
# Visual Studio 15
Project("{FAE04EC0-301F-11D3-BF4B-00C04F79EFBC}") = "PhotonUnityNetworking.Demos", "PhotonUnityNetworking.Demos.csproj", "{DA654661-CE63-B306-E4DF-53E1091EFE7C}"
EndProject
Project("{FAE04EC0-301F-11D3-BF4B-00C04F79EFBC}") = "PhotonUnityNetworking.Utilities", "PhotonUnityNetworking.Utilities.csproj", "{50DE91AF-2580-B308-7D9C-82C0ACB2BA41}"
EndProject
Project("{FAE04EC0-301F-11D3-BF4B-00C04F79EFBC}") = "Assembly-CSharp", "Assembly-CSharp.csproj", "{7705E269-CF1D-E0B7-7A0C-ACC255FDC534}"
EndProject
Project("{FAE04EC0-301F-11D3-BF4B-00C04F79EFBC}") = "PhotonChat", "PhotonChat.csproj", "{7DEF9AD3-4A9F-C549-100C-70BF0A7E71D4}"
EndProject
Project("{FAE04EC0-301F-11D3-BF4B-00C04F79EFBC}") = "PhotonUnityNetworking", "PhotonUnityNetworking.csproj", "{D7EAB963-D1C8-B01E-8635-C4631F1F7998}"
EndProject
Project("{FAE04EC0-301F-11D3-BF4B-00C04F79EFBC}") = "PhotonRealtime", "PhotonRealtime.csproj", "{6FB50A31-E0F2-A725-82E6-9E4EB4981E36}"
EndProject
Project("{FAE04EC0-301F-11D3-BF4B-00C04F79EFBC}") = "PhotonUnityNetworking.Editor", "PhotonUnityNetworking.Editor.csproj", "{B06685CE-CFFB-647F-6673-6A8E7914103B}"
EndProject
Project("{FAE04EC0-301F-11D3-BF4B-00C04F79EFBC}") = "Assembly-CSharp-Editor", "Assembly-CSharp-Editor.csproj", "{76DD39F9-A6B0-9752-A3C2-A50980D5BFC7}"
EndProject
Project("{FAE04EC0-301F-11D3-BF4B-00C04F79EFBC}") = "PunDemos.DemoHubEditor", "PunDemos.DemoHubEditor.csproj", "{0D9115A3-0E49-D087-2A08-96F5A47CA51C}"
EndProject
Project("{FAE04EC0-301F-11D3-BF4B-00C04F79EFBC}") = "PhotonUnityNetworking.Utilities.PhotonPlayer.Editor", "PhotonUnityNetworking.Utilities.PhotonPlayer.Editor.csproj", "{ED0D5958-61B3-4876-CF92-6D31D72B6429}"
EndProject
Project("{FAE04EC0-301F-11D3-BF4B-00C04F79EFBC}") = "PhotonUnityNetworking.Utilities.Culling.Editor", "PhotonUnityNetworking.Utilities.Culling.Editor.csproj", "{88177A67-B4D1-2762-E1A4-31959DAB2355}"
EndProject
Project("{FAE04EC0-301F-11D3-BF4B-00C04F79EFBC}") = "PunDemos.DemoSlotcarEditor", "PunDemos.DemoSlotcarEditor.csproj", "{6364D28A-3B75-B794-00CA-1FFBCE5D6ECC}"
EndProject
Global
	GlobalSection(SolutionConfigurationPlatforms) = preSolution
		Debug|Any CPU = Debug|Any CPU
		Release|Any CPU = Release|Any CPU
	EndGlobalSection
	GlobalSection(ProjectConfigurationPlatforms) = postSolution
		{DA654661-CE63-B306-E4DF-53E1091EFE7C}.Debug|Any CPU.ActiveCfg = Debug|Any CPU
		{DA654661-CE63-B306-E4DF-53E1091EFE7C}.Debug|Any CPU.Build.0 = Debug|Any CPU
		{DA654661-CE63-B306-E4DF-53E1091EFE7C}.Release|Any CPU.ActiveCfg = Release|Any CPU
		{DA654661-CE63-B306-E4DF-53E1091EFE7C}.Release|Any CPU.Build.0 = Release|Any CPU
		{50DE91AF-2580-B308-7D9C-82C0ACB2BA41}.Debug|Any CPU.ActiveCfg = Debug|Any CPU
		{50DE91AF-2580-B308-7D9C-82C0ACB2BA41}.Debug|Any CPU.Build.0 = Debug|Any CPU
		{50DE91AF-2580-B308-7D9C-82C0ACB2BA41}.Release|Any CPU.ActiveCfg = Release|Any CPU
		{50DE91AF-2580-B308-7D9C-82C0ACB2BA41}.Release|Any CPU.Build.0 = Release|Any CPU
		{7705E269-CF1D-E0B7-7A0C-ACC255FDC534}.Debug|Any CPU.ActiveCfg = Debug|Any CPU
		{7705E269-CF1D-E0B7-7A0C-ACC255FDC534}.Debug|Any CPU.Build.0 = Debug|Any CPU
		{7705E269-CF1D-E0B7-7A0C-ACC255FDC534}.Release|Any CPU.ActiveCfg = Release|Any CPU
		{7705E269-CF1D-E0B7-7A0C-ACC255FDC534}.Release|Any CPU.Build.0 = Release|Any CPU
		{7DEF9AD3-4A9F-C549-100C-70BF0A7E71D4}.Debug|Any CPU.ActiveCfg = Debug|Any CPU
		{7DEF9AD3-4A9F-C549-100C-70BF0A7E71D4}.Debug|Any CPU.Build.0 = Debug|Any CPU
		{7DEF9AD3-4A9F-C549-100C-70BF0A7E71D4}.Release|Any CPU.ActiveCfg = Release|Any CPU
		{7DEF9AD3-4A9F-C549-100C-70BF0A7E71D4}.Release|Any CPU.Build.0 = Release|Any CPU
		{D7EAB963-D1C8-B01E-8635-C4631F1F7998}.Debug|Any CPU.ActiveCfg = Debug|Any CPU
		{D7EAB963-D1C8-B01E-8635-C4631F1F7998}.Debug|Any CPU.Build.0 = Debug|Any CPU
		{D7EAB963-D1C8-B01E-8635-C4631F1F7998}.Release|Any CPU.ActiveCfg = Release|Any CPU
		{D7EAB963-D1C8-B01E-8635-C4631F1F7998}.Release|Any CPU.Build.0 = Release|Any CPU
		{6FB50A31-E0F2-A725-82E6-9E4EB4981E36}.Debug|Any CPU.ActiveCfg = Debug|Any CPU
		{6FB50A31-E0F2-A725-82E6-9E4EB4981E36}.Debug|Any CPU.Build.0 = Debug|Any CPU
		{6FB50A31-E0F2-A725-82E6-9E4EB4981E36}.Release|Any CPU.ActiveCfg = Release|Any CPU
		{6FB50A31-E0F2-A725-82E6-9E4EB4981E36}.Release|Any CPU.Build.0 = Release|Any CPU
		{B06685CE-CFFB-647F-6673-6A8E7914103B}.Debug|Any CPU.ActiveCfg = Debug|Any CPU
		{B06685CE-CFFB-647F-6673-6A8E7914103B}.Debug|Any CPU.Build.0 = Debug|Any CPU
		{B06685CE-CFFB-647F-6673-6A8E7914103B}.Release|Any CPU.ActiveCfg = Release|Any CPU
		{B06685CE-CFFB-647F-6673-6A8E7914103B}.Release|Any CPU.Build.0 = Release|Any CPU
		{76DD39F9-A6B0-9752-A3C2-A50980D5BFC7}.Debug|Any CPU.ActiveCfg = Debug|Any CPU
		{76DD39F9-A6B0-9752-A3C2-A50980D5BFC7}.Debug|Any CPU.Build.0 = Debug|Any CPU
		{76DD39F9-A6B0-9752-A3C2-A50980D5BFC7}.Release|Any CPU.ActiveCfg = Release|Any CPU
		{76DD39F9-A6B0-9752-A3C2-A50980D5BFC7}.Release|Any CPU.Build.0 = Release|Any CPU
		{0D9115A3-0E49-D087-2A08-96F5A47CA51C}.Debug|Any CPU.ActiveCfg = Debug|Any CPU
		{0D9115A3-0E49-D087-2A08-96F5A47CA51C}.Debug|Any CPU.Build.0 = Debug|Any CPU
		{0D9115A3-0E49-D087-2A08-96F5A47CA51C}.Release|Any CPU.ActiveCfg = Release|Any CPU
		{0D9115A3-0E49-D087-2A08-96F5A47CA51C}.Release|Any CPU.Build.0 = Release|Any CPU
		{ED0D5958-61B3-4876-CF92-6D31D72B6429}.Debug|Any CPU.ActiveCfg = Debug|Any CPU
		{ED0D5958-61B3-4876-CF92-6D31D72B6429}.Debug|Any CPU.Build.0 = Debug|Any CPU
		{ED0D5958-61B3-4876-CF92-6D31D72B6429}.Release|Any CPU.ActiveCfg = Release|Any CPU
		{ED0D5958-61B3-4876-CF92-6D31D72B6429}.Release|Any CPU.Build.0 = Release|Any CPU
		{88177A67-B4D1-2762-E1A4-31959DAB2355}.Debug|Any CPU.ActiveCfg = Debug|Any CPU
		{88177A67-B4D1-2762-E1A4-31959DAB2355}.Debug|Any CPU.Build.0 = Debug|Any CPU
		{88177A67-B4D1-2762-E1A4-31959DAB2355}.Release|Any CPU.ActiveCfg = Release|Any CPU
		{88177A67-B4D1-2762-E1A4-31959DAB2355}.Release|Any CPU.Build.0 = Release|Any CPU
		{6364D28A-3B75-B794-00CA-1FFBCE5D6ECC}.Debug|Any CPU.ActiveCfg = Debug|Any CPU
		{6364D28A-3B75-B794-00CA-1FFBCE5D6ECC}.Debug|Any CPU.Build.0 = Debug|Any CPU
		{6364D28A-3B75-B794-00CA-1FFBCE5D6ECC}.Release|Any CPU.ActiveCfg = Release|Any CPU
		{6364D28A-3B75-B794-00CA-1FFBCE5D6ECC}.Release|Any CPU.Build.0 = Release|Any CPU
	EndGlobalSection
	GlobalSection(SolutionProperties) = preSolution
		HideSolutionNode = FALSE
	EndGlobalSection
EndGlobal
